<!-- Scheme file for the Runner project -->
<Scheme
   LastUpgradeVersion="1300"
   version="1.3">

   <!-- Build settings for various configurations -->
   <BuildAction
      parallelizeBuildables="YES"
      buildImplicitDependencies="YES">
      <BuildActionEntries>
         <BuildActionEntry
            buildForTesting="YES"
            buildForRunning="YES"
            buildForProfiling="YES"
            buildForArchiving="YES"
            buildForAnalyzing="YES">
            <BuildableReference
               BuildableIdentifier="primary"
               BlueprintIdentifier="97C146ED1CF9000F007C117D"
               BuildableName="Runner.app"
               BlueprintName="Runner"
               ReferencedContainer="container:Runner.xcodeproj"/>
         </BuildActionEntry>
      </BuildActionEntries>
   </BuildAction>

   <!-- Test settings for the Debug configuration -->
   <TestAction
      buildConfiguration="Debug"
      selectedDebuggerIdentifier="Xcode.DebuggerFoundation.Debugger.LLDB"
      selectedLauncherIdentifier="Xcode.DebuggerFoundation.Launcher.LLDB"
      shouldUseLaunchSchemeArgsEnv="YES">
      <MacroExpansion>
         <BuildableReference
            BuildableIdentifier="primary"
            BlueprintIdentifier="97C146ED1CF9000F007C117D"
            BuildableName="Runner.app"
            BlueprintName="Runner"
            ReferencedContainer="container:Runner.xcodeproj"/>
      </MacroExpansion>
      <Testables>
         <TestableReference
            skipped="NO"
            parallelizable="YES">
            <BuildableReference
               BuildableIdentifier="primary"
               BlueprintIdentifier="331C8080294A63A400263BE5"
               BuildableName="RunnerTests.xctest"
               BlueprintName="RunnerTests"
               ReferencedContainer="container:Runner.xcodeproj"/>
         </TestableReference>
      </Testables>
   </TestAction>

   <!-- Launch settings for the Debug configuration -->
   <LaunchAction
      buildConfiguration="Debug"
      selectedDebuggerIdentifier="Xcode.DebuggerFoundation.Debugger.LLDB"
      selectedLauncherIdentifier="Xcode.DebuggerFoundation.Launcher.LLDB"
      launchStyle="0"
      useCustomWorkingDirectory="NO"
      ignoresPersistentStateOnLaunch="NO"
      debugDocumentVersioning="YES"
      debugServiceExtension="internal"
      allowLocationSimulation="YES">
      <BuildableProductRunnable
         runnableDebuggingMode="0">
         <BuildableReference
            BuildableIdentifier="primary"
            BlueprintIdentifier="97C146ED1CF9000F007C117D"
            BuildableName="Runner.app"
            BlueprintName="Runner"
            ReferencedContainer="container:Runner.xcodeproj"/>
      </BuildableProductRunnable>
   </LaunchAction>

   <!-- Profile settings for the Profile configuration -->
   <ProfileAction
      buildConfiguration="Profile"
      shouldUseLaunchSchemeArgsEnv="YES">
      <BuildableProductRunnable
         runnableDebuggingMode="0">
         <BuildableReference
            BuildableIdentifier="primary"
            BlueprintIdentifier="97C146ED1CF9000F007C117D"
            BuildableName="Runner.app"
            BlueprintName="Runner"
            ReferencedContainer="container:Runner.xcodeproj"/>
      </BuildableProductRunnable>
   </ProfileAction>

   <!-- Analyze settings for the Debug configuration -->
   <AnalyzeAction
      buildConfiguration="Debug"/>

   <!-- Archive settings for the Release configuration -->
   <ArchiveAction
      buildConfiguration="Release"
      revealArchiveInOrganizer="YES"/>
</Scheme>
